{
    "_meta": {
        "hash": {
            "sha256": "64a66bd4c1e2c2daac5ad3344e2a31de6a717eda8ce7e12ad1b98cd73f48ea1f"
        },
        "pipfile-spec": 6,
        "requires": {
            "python_version": "3.6"
        },
        "sources": [
            {
                "name": "pypi",
                "url": "https://pypi.python.org/simple",
                "verify_ssl": true
            }
        ]
    },
    "default": {
        "certifi": {
            "hashes": [
                "sha256:376690d6f16d32f9d1fe8932551d80b23e9d393a8578c5633a2ed39a64861638",
                "sha256:456048c7e371c089d0a77a5212fb37a2c2dce1e24146e3b7e0261736aaeaa22a"
            ],
            "version": "==2018.8.24"
        },
        "chardet": {
            "hashes": [
                "sha256:84ab92ed1c4d4f16916e05906b6b75a6c0fb5db821cc65e70cbd64a3e2a5eaae",
                "sha256:fc323ffcaeaed0e0a02bf4d117757b98aed530d9ed4531e3e15460124c106691"
            ],
            "version": "==3.0.4"
        },
        "idna": {
            "hashes": [
                "sha256:156a6814fb5ac1fc6850fb002e0852d56c0c8d2531923a51032d1b70760e186e",
                "sha256:684a38a6f903c1d71d6d5fac066b58d7768af4de2b832e426ec79c30daa94a16"
            ],
            "version": "==2.7"
        },
        "jinja2": {
            "hashes": [
                "sha256:74c935a1b8bb9a3947c50a54766a969d4846290e1e788ea44c1392163723c3bd",
                "sha256:f84be1bb0040caca4cea721fcbbbbd61f9be9464ca236387158b0feea01914a4"
            ],
            "index": "pypi",
            "version": "==2.10"
        },
        "markupsafe": {
            "hashes": [
                "sha256:a6be69091dac236ea9c6bc7d012beab42010fa914c459791d627dad4910eb665"
            ],
            "version": "==1.0"
        },
        "requests": {
            "hashes": [
                "sha256:63b52e3c866428a224f97cab011de738c36aec0185aa91cfacd418b5d58911d1",
                "sha256:ec22d826a36ed72a7358ff3fe56cbd4ba69dd7a6718ffd450ff0e9df7a47ce6a"
            ],
            "index": "pypi",
            "version": "==2.19.1"
        },
        "ruamel.yaml": {
            "hashes": [
                "sha256:0046083bfb821693faf93fbce3905d4734db5ad5197aa2535ae3523251afdec6",
                "sha256:046bb3df844dac46db21983b9c34d4fa1fd67c9846b227913b085fc173e87040",
                "sha256:0cf26d34a9e6a61ebf19b5be6f37bd1e9caa1020a6649ddf4154bdc1eeb140b3",
                "sha256:12570e8733ace8105502b58fdf6725772913f598687d42bd8c58a098a8c34b66",
                "sha256:20b7f2cab2d2d83c3eb2821e2846889dfeff9c8f9027c416fd37edcad6f55c44",
                "sha256:2e8198444b33a8f7d039a7d09845c5388f57105902f499d806f2b29fa78326b8",
                "sha256:41746026e570f786e42f2269f9046080681c2e59f8fcd1c9fbec8357bd285771",
                "sha256:419522f62b41ab8b65006e1706fa31dfbb01e3640a65cdd79e39889a2095a319",
                "sha256:70aeb401384aebe81911affa449e25e9e2f3618557bf9d6f8a0f0927123c5f25",
                "sha256:71436539d70c99a20aeb03f7149a8a765378c9060a266ee5aa431f5dedd5d233",
                "sha256:7454510c46b26627553d5df04996e3b0b3a076754d711b775e4ebb4eed1d2d4d",
                "sha256:792e786e4afc64dfccf55d5bb3db9747cd8bcb9a3e39b7f6b56a13630e31037b",
                "sha256:7bdc00598c78eb7d67de5dddd5f7ab8334dc4379192780d2a7ae1c7ec9970512",
                "sha256:a8c5cfed6f4282fc154eeadd333ec4dcce57933b7b2c7a9554b54afbaea63251",
                "sha256:ade062389df069cfefc135866ec45494af000ff0c13fd46ec998fef0ae35629f",
                "sha256:cd6fa437a26f1c5f1dfd5efacc25324bfd03dc23bfaccfe33611fa14c7ac8350",
                "sha256:cf59aa7cdedd1a0de08b6457b955c1f7c26b7be8b1318932d0f2a1910f8709aa",
                "sha256:d6004e4971e4b14f7921fca8527745f1ec707b723b91516ec60f3bf4e7215697",
                "sha256:e2d0a3db5c0a7f186bdb8a37720c7f75cf4d87d1a80217059c0aa254769c0240",
                "sha256:e82d0d81a456b6b1708bedb6e496994e53b241e8790dfe932f5c5bec559e8d4f",
                "sha256:eb61aa389fbcf452d080cd7619e33c2828b9fc3a77c3f3869d363552e1dcd360",
                "sha256:ed07ee3cd591516f4e9ca8ea3652d10458034a8f6f3ec93b7ebe989d8b785c8a"
            ],
            "index": "pypi",
            "version": "==0.15.70"
        },
        "urllib3": {
            "hashes": [
                "sha256:a68ac5e15e76e7e5dd2b8f94007233e01effe3e50e8daddf69acfd81cb686baf",
                "sha256:b5725a0bd4ba422ab0e66e89e030c806576753ea3ee08554382c14e685d117b5"
            ],
            "markers": "python_version != '3.2.*' and python_version != '3.3.*' and python_version >= '2.6' and python_version < '4' and python_version != '3.0.*' and python_version != '3.1.*'",
            "version": "==1.23"
        }
    },
    "develop": {}
}
